
Microsoft Visual Studio Solution File, Format Version 12.00
# Visual Studio Version 16
VisualStudioVersion = 16.0.29613.14
MinimumVisualStudioVersion = 10.0.40219.1
Project("{FAE04EC0-301F-11D3-BF4B-00C04F79EFBC}") = "20241121_tanulmany", "20241121_tanulmany\20241121_tanulmany.csproj", "{9E7E6B0B-A0E6-4371-871A-D50CA0049FE7}"
EndProject
Global
	GlobalSection(SolutionConfigurationPlatforms) = preSolution
		Debug|Any CPU = Debug|Any CPU
		Release|Any CPU = Release|Any CPU
	EndGlobalSection
	GlobalSection(ProjectConfigurationPlatforms) = postSolution
		{9E7E6B0B-A0E6-4371-871A-D50CA0049FE7}.Debug|Any CPU.ActiveCfg = Debug|Any CPU
		{9E7E6B0B-A0E6-4371-871A-D50CA0049FE7}.Debug|Any CPU.Build.0 = Debug|Any CPU
		{9E7E6B0B-A0E6-4371-871A-D50CA0049FE7}.Release|Any CPU.ActiveCfg = Release|Any CPU
		{9E7E6B0B-A0E6-4371-871A-D50CA0049FE7}.Release|Any CPU.Build.0 = Release|Any CPU
	EndGlobalSection
	GlobalSection(SolutionProperties) = preSolution
		HideSolutionNode = FALSE
	EndGlobalSection
	GlobalSection(ExtensibilityGlobals) = postSolution
		SolutionGuid = {C90307BE-0B14-4D49-99A2-3A081AEEE635}
	EndGlobalSection
EndGlobal
