
Microsoft Visual Studio Solution File, Format Version 12.00
# Visual Studio Version 16
VisualStudioVersion = 16.0.29613.14
MinimumVisualStudioVersion = 10.0.40219.1
Project("{FAE04EC0-301F-11D3-BF4B-00C04F79EFBC}") = "class", "class\class.csproj", "{A44240C6-37BE-4329-B854-F50EC8AB12A8}"
EndProject
Global
	GlobalSection(SolutionConfigurationPlatforms) = preSolution
		Debug|Any CPU = Debug|Any CPU
		Release|Any CPU = Release|Any CPU
	EndGlobalSection
	GlobalSection(ProjectConfigurationPlatforms) = postSolution
		{A44240C6-37BE-4329-B854-F50EC8AB12A8}.Debug|Any CPU.ActiveCfg = Debug|Any CPU
		{A44240C6-37BE-4329-B854-F50EC8AB12A8}.Debug|Any CPU.Build.0 = Debug|Any CPU
		{A44240C6-37BE-4329-B854-F50EC8AB12A8}.Release|Any CPU.ActiveCfg = Release|Any CPU
		{A44240C6-37BE-4329-B854-F50EC8AB12A8}.Release|Any CPU.Build.0 = Release|Any CPU
	EndGlobalSection
	GlobalSection(SolutionProperties) = preSolution
		HideSolutionNode = FALSE
	EndGlobalSection
	GlobalSection(ExtensibilityGlobals) = postSolution
		SolutionGuid = {0751C155-525D-488E-8B15-A356E4B9EA88}
	EndGlobalSection
EndGlobal
